
Microsoft Visual Studio Solution File, Format Version 12.00
# Visual Studio Version 17
VisualStudioVersion = 17.13.35806.99
MinimumVisualStudioVersion = 10.0.40219.1
Project("{FAE04EC0-301F-11D3-BF4B-00C04F79EFBC}") = "HelloWorld", "HelloWorld\HelloWorld.csproj", "{E543E83C-602B-41DE-9F4B-4CE33CA77B89}"
EndProject
Project("{FAE04EC0-301F-11D3-BF4B-00C04F79EFBC}") = "ClassEnrollment", "ClassEnrollment\ClassEnrollment.csproj", "{3E73ABF3-F07A-4FC1-93F2-11AE32500EB7}"
EndProject
Project("{FAE04EC0-301F-11D3-BF4B-00C04F79EFBC}") = "GradesPrototypes", "GradesPrototypes\GradesPrototypes.csproj", "{440C246C-5198-45D4-97B4-E9C08148411B}"
EndProject
Project("{FAE04EC0-301F-11D3-BF4B-00C04F79EFBC}") = "LessonClassHierarhy", "LessonClassHierarhy\LessonClassHierarhy.csproj", "{25EA8F26-40D8-4FB5-B478-8A2D504F9E52}"
EndProject
Project("{FAE04EC0-301F-11D3-BF4B-00C04F79EFBC}") = "Delegates", "LambdaDelegates\Delegates.csproj", "{0220A8A7-45E5-4403-829F-75D9CE33459B}"
EndProject
Project("{FAE04EC0-301F-11D3-BF4B-00C04F79EFBC}") = "DelegateAccount", "DelegateAccount\DelegateAccount.csproj", "{B0FA48F0-BBB0-4B89-B062-584CDD79A30D}"
EndProject
Project("{FAE04EC0-301F-11D3-BF4B-00C04F79EFBC}") = "StockExchange", "StockExchange\StockExchange.csproj", "{A3326CF8-1990-4F84-825A-1B285A61B103}"
EndProject
Project("{FAE04EC0-301F-11D3-BF4B-00C04F79EFBC}") = "ConsoleApp111", "ConsoleApp111\ConsoleApp111.csproj", "{65530464-318F-4D2C-929A-8F533C56064E}"
EndProject
Project("{FAE04EC0-301F-11D3-BF4B-00C04F79EFBC}") = "LambdaTest", "LambdaTest\LambdaTest.csproj", "{FD43D118-FCB0-4341-9BC1-93A67467F7B9}"
EndProject
Project("{FAE04EC0-301F-11D3-BF4B-00C04F79EFBC}") = "SerializeTest", "SerializeTest\SerializeTest.csproj", "{E90AE31E-EC07-4184-ACFD-2362C60D0505}"
EndProject
Project("{FAE04EC0-301F-11D3-BF4B-00C04F79EFBC}") = "EntityDataModel", "EntityDataModel\EntityDataModel.csproj", "{971701C6-D8FD-47D8-A6CA-1EB01322C5DA}"
EndProject
Project("{FAE04EC0-301F-11D3-BF4B-00C04F79EFBC}") = "WebAppASPNETCore01", "WebAppASPNETCore01\WebAppASPNETCore01.csproj", "{DAB70012-18AE-480E-9AB8-45592C22AAA3}"
EndProject
Project("{FAE04EC0-301F-11D3-BF4B-00C04F79EFBC}") = "WebAppASPNETCoreMVC01", "WebAppASPNETCoreMVC01\WebAppASPNETCoreMVC01.csproj", "{1004E57C-A5D4-436E-A184-BA8082A1A2B0}"
EndProject
Project("{FAE04EC0-301F-11D3-BF4B-00C04F79EFBC}") = "WebAPI01", "WebAPI01\WebAPI01.csproj", "{051B651A-BF43-B5DF-067E-99B7DFC3C4A4}"
EndProject
Project("{FAE04EC0-301F-11D3-BF4B-00C04F79EFBC}") = "WPF01", "WPF01\WPF01.csproj", "{F7D90543-6C64-B6D9-FB0C-8653F3337ABD}"
EndProject
Project("{FAE04EC0-301F-11D3-BF4B-00C04F79EFBC}") = "webapp01", "webapp01\webapp01.csproj", "{7C335E17-917A-C926-EA8F-397577207E56}"
EndProject
Global
	GlobalSection(SolutionConfigurationPlatforms) = preSolution
		Debug|Any CPU = Debug|Any CPU
		Release|Any CPU = Release|Any CPU
	EndGlobalSection
	GlobalSection(ProjectConfigurationPlatforms) = postSolution
		{E543E83C-602B-41DE-9F4B-4CE33CA77B89}.Debug|Any CPU.ActiveCfg = Debug|Any CPU
		{E543E83C-602B-41DE-9F4B-4CE33CA77B89}.Debug|Any CPU.Build.0 = Debug|Any CPU
		{E543E83C-602B-41DE-9F4B-4CE33CA77B89}.Release|Any CPU.ActiveCfg = Release|Any CPU
		{E543E83C-602B-41DE-9F4B-4CE33CA77B89}.Release|Any CPU.Build.0 = Release|Any CPU
		{3E73ABF3-F07A-4FC1-93F2-11AE32500EB7}.Debug|Any CPU.ActiveCfg = Debug|Any CPU
		{3E73ABF3-F07A-4FC1-93F2-11AE32500EB7}.Debug|Any CPU.Build.0 = Debug|Any CPU
		{3E73ABF3-F07A-4FC1-93F2-11AE32500EB7}.Release|Any CPU.ActiveCfg = Release|Any CPU
		{3E73ABF3-F07A-4FC1-93F2-11AE32500EB7}.Release|Any CPU.Build.0 = Release|Any CPU
		{440C246C-5198-45D4-97B4-E9C08148411B}.Debug|Any CPU.ActiveCfg = Debug|Any CPU
		{440C246C-5198-45D4-97B4-E9C08148411B}.Debug|Any CPU.Build.0 = Debug|Any CPU
		{440C246C-5198-45D4-97B4-E9C08148411B}.Release|Any CPU.ActiveCfg = Release|Any CPU
		{440C246C-5198-45D4-97B4-E9C08148411B}.Release|Any CPU.Build.0 = Release|Any CPU
		{25EA8F26-40D8-4FB5-B478-8A2D504F9E52}.Debug|Any CPU.ActiveCfg = Debug|Any CPU
		{25EA8F26-40D8-4FB5-B478-8A2D504F9E52}.Debug|Any CPU.Build.0 = Debug|Any CPU
		{25EA8F26-40D8-4FB5-B478-8A2D504F9E52}.Release|Any CPU.ActiveCfg = Release|Any CPU
		{25EA8F26-40D8-4FB5-B478-8A2D504F9E52}.Release|Any CPU.Build.0 = Release|Any CPU
		{0220A8A7-45E5-4403-829F-75D9CE33459B}.Debug|Any CPU.ActiveCfg = Debug|Any CPU
		{0220A8A7-45E5-4403-829F-75D9CE33459B}.Debug|Any CPU.Build.0 = Debug|Any CPU
		{0220A8A7-45E5-4403-829F-75D9CE33459B}.Release|Any CPU.ActiveCfg = Release|Any CPU
		{0220A8A7-45E5-4403-829F-75D9CE33459B}.Release|Any CPU.Build.0 = Release|Any CPU
		{B0FA48F0-BBB0-4B89-B062-584CDD79A30D}.Debug|Any CPU.ActiveCfg = Debug|Any CPU
		{B0FA48F0-BBB0-4B89-B062-584CDD79A30D}.Debug|Any CPU.Build.0 = Debug|Any CPU
		{B0FA48F0-BBB0-4B89-B062-584CDD79A30D}.Release|Any CPU.ActiveCfg = Release|Any CPU
		{B0FA48F0-BBB0-4B89-B062-584CDD79A30D}.Release|Any CPU.Build.0 = Release|Any CPU
		{A3326CF8-1990-4F84-825A-1B285A61B103}.Debug|Any CPU.ActiveCfg = Debug|Any CPU
		{A3326CF8-1990-4F84-825A-1B285A61B103}.Debug|Any CPU.Build.0 = Debug|Any CPU
		{A3326CF8-1990-4F84-825A-1B285A61B103}.Release|Any CPU.ActiveCfg = Release|Any CPU
		{A3326CF8-1990-4F84-825A-1B285A61B103}.Release|Any CPU.Build.0 = Release|Any CPU
		{65530464-318F-4D2C-929A-8F533C56064E}.Debug|Any CPU.ActiveCfg = Debug|Any CPU
		{65530464-318F-4D2C-929A-8F533C56064E}.Debug|Any CPU.Build.0 = Debug|Any CPU
		{65530464-318F-4D2C-929A-8F533C56064E}.Release|Any CPU.ActiveCfg = Release|Any CPU
		{65530464-318F-4D2C-929A-8F533C56064E}.Release|Any CPU.Build.0 = Release|Any CPU
		{FD43D118-FCB0-4341-9BC1-93A67467F7B9}.Debug|Any CPU.ActiveCfg = Debug|Any CPU
		{FD43D118-FCB0-4341-9BC1-93A67467F7B9}.Debug|Any CPU.Build.0 = Debug|Any CPU
		{FD43D118-FCB0-4341-9BC1-93A67467F7B9}.Release|Any CPU.ActiveCfg = Release|Any CPU
		{FD43D118-FCB0-4341-9BC1-93A67467F7B9}.Release|Any CPU.Build.0 = Release|Any CPU
		{E90AE31E-EC07-4184-ACFD-2362C60D0505}.Debug|Any CPU.ActiveCfg = Debug|Any CPU
		{E90AE31E-EC07-4184-ACFD-2362C60D0505}.Debug|Any CPU.Build.0 = Debug|Any CPU
		{E90AE31E-EC07-4184-ACFD-2362C60D0505}.Release|Any CPU.ActiveCfg = Release|Any CPU
		{E90AE31E-EC07-4184-ACFD-2362C60D0505}.Release|Any CPU.Build.0 = Release|Any CPU
		{971701C6-D8FD-47D8-A6CA-1EB01322C5DA}.Debug|Any CPU.ActiveCfg = Debug|Any CPU
		{971701C6-D8FD-47D8-A6CA-1EB01322C5DA}.Debug|Any CPU.Build.0 = Debug|Any CPU
		{971701C6-D8FD-47D8-A6CA-1EB01322C5DA}.Release|Any CPU.ActiveCfg = Release|Any CPU
		{971701C6-D8FD-47D8-A6CA-1EB01322C5DA}.Release|Any CPU.Build.0 = Release|Any CPU
		{DAB70012-18AE-480E-9AB8-45592C22AAA3}.Debug|Any CPU.ActiveCfg = Debug|Any CPU
		{DAB70012-18AE-480E-9AB8-45592C22AAA3}.Debug|Any CPU.Build.0 = Debug|Any CPU
		{DAB70012-18AE-480E-9AB8-45592C22AAA3}.Release|Any CPU.ActiveCfg = Release|Any CPU
		{DAB70012-18AE-480E-9AB8-45592C22AAA3}.Release|Any CPU.Build.0 = Release|Any CPU
		{1004E57C-A5D4-436E-A184-BA8082A1A2B0}.Debug|Any CPU.ActiveCfg = Debug|Any CPU
		{1004E57C-A5D4-436E-A184-BA8082A1A2B0}.Debug|Any CPU.Build.0 = Debug|Any CPU
		{1004E57C-A5D4-436E-A184-BA8082A1A2B0}.Release|Any CPU.ActiveCfg = Release|Any CPU
		{1004E57C-A5D4-436E-A184-BA8082A1A2B0}.Release|Any CPU.Build.0 = Release|Any CPU
		{051B651A-BF43-B5DF-067E-99B7DFC3C4A4}.Debug|Any CPU.ActiveCfg = Debug|Any CPU
		{051B651A-BF43-B5DF-067E-99B7DFC3C4A4}.Debug|Any CPU.Build.0 = Debug|Any CPU
		{051B651A-BF43-B5DF-067E-99B7DFC3C4A4}.Release|Any CPU.ActiveCfg = Release|Any CPU
		{051B651A-BF43-B5DF-067E-99B7DFC3C4A4}.Release|Any CPU.Build.0 = Release|Any CPU
		{F7D90543-6C64-B6D9-FB0C-8653F3337ABD}.Debug|Any CPU.ActiveCfg = Debug|Any CPU
		{F7D90543-6C64-B6D9-FB0C-8653F3337ABD}.Debug|Any CPU.Build.0 = Debug|Any CPU
		{F7D90543-6C64-B6D9-FB0C-8653F3337ABD}.Release|Any CPU.ActiveCfg = Release|Any CPU
		{F7D90543-6C64-B6D9-FB0C-8653F3337ABD}.Release|Any CPU.Build.0 = Release|Any CPU
		{7C335E17-917A-C926-EA8F-397577207E56}.Debug|Any CPU.ActiveCfg = Debug|Any CPU
		{7C335E17-917A-C926-EA8F-397577207E56}.Debug|Any CPU.Build.0 = Debug|Any CPU
		{7C335E17-917A-C926-EA8F-397577207E56}.Release|Any CPU.ActiveCfg = Release|Any CPU
		{7C335E17-917A-C926-EA8F-397577207E56}.Release|Any CPU.Build.0 = Release|Any CPU
	EndGlobalSection
	GlobalSection(SolutionProperties) = preSolution
		HideSolutionNode = FALSE
	EndGlobalSection
	GlobalSection(ExtensibilityGlobals) = postSolution
		SolutionGuid = {A29038C3-8EFC-4F86-9378-4FA5183D8268}
	EndGlobalSection
EndGlobal
