Microsoft Visual Studio Solution File, Format Version 12.00
# Visual Studio Version 17
VisualStudioVersion = 17.5.2.0
MinimumVisualStudioVersion = 10.0.40219.1
Project("{FAE04EC0-301F-11D3-BF4B-00C04F79EFBC}") = "WebApi02", "WebApi02.csproj", "{53C12BBC-2A71-D996-E040-96878CC65FE8}"
EndProject
Global
	GlobalSection(SolutionConfigurationPlatforms) = preSolution
		Debug|Any CPU = Debug|Any CPU
		Release|Any CPU = Release|Any CPU
	EndGlobalSection
	GlobalSection(ProjectConfigurationPlatforms) = postSolution
		{53C12BBC-2A71-D996-E040-96878CC65FE8}.Debug|Any CPU.ActiveCfg = Debug|Any CPU
		{53C12BBC-2A71-D996-E040-96878CC65FE8}.Debug|Any CPU.Build.0 = Debug|Any CPU
		{53C12BBC-2A71-D996-E040-96878CC65FE8}.Release|Any CPU.ActiveCfg = Release|Any CPU
		{53C12BBC-2A71-D996-E040-96878CC65FE8}.Release|Any CPU.Build.0 = Release|Any CPU
	EndGlobalSection
	GlobalSection(SolutionProperties) = preSolution
		HideSolutionNode = FALSE
	EndGlobalSection
	GlobalSection(ExtensibilityGlobals) = postSolution
		SolutionGuid = {240E35D8-790B-40A3-B7C0-5B373145B622}
	EndGlobalSection
EndGlobal
